
Microsoft Visual Studio Solution File, Format Version 12.00
# Visual Studio Version 16
VisualStudioVersion = 16.0.30907.101
MinimumVisualStudioVersion = 10.0.40219.1
Project("{FAE04EC0-301F-11D3-BF4B-00C04F79EFBC}") = "Samuel_Gurara_COMP306_Lab1", "Samuel_Gurara_COMP306_Lab1\Samuel_Gurara_COMP306_Lab1.csproj", "{905370DD-A1D3-4FF3-9C53-FCE11F325044}"
EndProject
Project("{FAE04EC0-301F-11D3-BF4B-00C04F79EFBC}") = "Samuel_Gurara_Lab2_AmazonDynamoDB", "Samuel_Gurara_Lab2_AmazonDynamoDB\Samuel_Gurara_Lab2_AmazonDynamoDB.csproj", "{C41643BA-D871-44BD-94B5-52D714F35EAA}"
EndProject
Project("{9A19103F-16F7-4668-BE54-9A1E7A4F7556}") = "SamuelLab3Metflix", "..\..\Downloads\Lab03-main\Lab3Metflix\SamuelLab3Metflix.csproj", "{65A50327-92CD-42AD-8A10-4BAEDD3BABF9}"
EndProject
Global
	GlobalSection(SolutionConfigurationPlatforms) = preSolution
		Debug|Any CPU = Debug|Any CPU
		Release|Any CPU = Release|Any CPU
	EndGlobalSection
	GlobalSection(ProjectConfigurationPlatforms) = postSolution
		{905370DD-A1D3-4FF3-9C53-FCE11F325044}.Debug|Any CPU.ActiveCfg = Debug|Any CPU
		{905370DD-A1D3-4FF3-9C53-FCE11F325044}.Debug|Any CPU.Build.0 = Debug|Any CPU
		{905370DD-A1D3-4FF3-9C53-FCE11F325044}.Release|Any CPU.ActiveCfg = Release|Any CPU
		{905370DD-A1D3-4FF3-9C53-FCE11F325044}.Release|Any CPU.Build.0 = Release|Any CPU
		{C41643BA-D871-44BD-94B5-52D714F35EAA}.Debug|Any CPU.ActiveCfg = Debug|Any CPU
		{C41643BA-D871-44BD-94B5-52D714F35EAA}.Debug|Any CPU.Build.0 = Debug|Any CPU
		{C41643BA-D871-44BD-94B5-52D714F35EAA}.Release|Any CPU.ActiveCfg = Release|Any CPU
		{C41643BA-D871-44BD-94B5-52D714F35EAA}.Release|Any CPU.Build.0 = Release|Any CPU
		{65A50327-92CD-42AD-8A10-4BAEDD3BABF9}.Debug|Any CPU.ActiveCfg = Debug|Any CPU
		{65A50327-92CD-42AD-8A10-4BAEDD3BABF9}.Debug|Any CPU.Build.0 = Debug|Any CPU
		{65A50327-92CD-42AD-8A10-4BAEDD3BABF9}.Release|Any CPU.ActiveCfg = Release|Any CPU
		{65A50327-92CD-42AD-8A10-4BAEDD3BABF9}.Release|Any CPU.Build.0 = Release|Any CPU
	EndGlobalSection
	GlobalSection(SolutionProperties) = preSolution
		HideSolutionNode = FALSE
	EndGlobalSection
	GlobalSection(ExtensibilityGlobals) = postSolution
		SolutionGuid = {0F9566AA-8D64-49D1-950B-04D131092DDE}
	EndGlobalSection
EndGlobal
