
Microsoft Visual Studio Solution File, Format Version 12.00
# Visual Studio Version 16
VisualStudioVersion = 16.0.30523.141
MinimumVisualStudioVersion = 10.0.40219.1
Project("{9A19103F-16F7-4668-BE54-9A1E7A4F7556}") = "SamuelLab3Metflix", "Lab3Metflix\SamuelLab3Metflix.csproj", "{24584BEB-C9E5-4D71-9A21-65A273B2450E}"
EndProject
Global
	GlobalSection(SolutionConfigurationPlatforms) = preSolution
		Debug|Any CPU = Debug|Any CPU
		Release|Any CPU = Release|Any CPU
	EndGlobalSection
	GlobalSection(ProjectConfigurationPlatforms) = postSolution
		{24584BEB-C9E5-4D71-9A21-65A273B2450E}.Debug|Any CPU.ActiveCfg = Debug|Any CPU
		{24584BEB-C9E5-4D71-9A21-65A273B2450E}.Debug|Any CPU.Build.0 = Debug|Any CPU
		{24584BEB-C9E5-4D71-9A21-65A273B2450E}.Release|Any CPU.ActiveCfg = Release|Any CPU
		{24584BEB-C9E5-4D71-9A21-65A273B2450E}.Release|Any CPU.Build.0 = Release|Any CPU
	EndGlobalSection
	GlobalSection(SolutionProperties) = preSolution
		HideSolutionNode = FALSE
	EndGlobalSection
	GlobalSection(ExtensibilityGlobals) = postSolution
		SolutionGuid = {6088BE51-69B3-449B-AB9C-E458A7E2E3C6}
	EndGlobalSection
EndGlobal
